github.com/ultimate-guitar/go-imagequant v0.0.0-20200215081128-5864ddc9bde3 h1:hfnm3kO0txqa5g88V2XwQC79EvhuOpDvUUJPFAcNOC4=
github.com/ultimate-guitar/go-imagequant v0.0.0-20200215081128-5864ddc9bde3/go.mod h1:i+Clhf23O1KGsVN8mTevqTQpnjIf4+KaYuXBjX2urSw=
gopkg.in/h2non/bimg.v1 v1.0.19 h1:Li7mgBrIvCHvShB4nyCcGJ2Z2rWR/95kgI/U2+U2eYw=
gopkg.in/h2non/bimg.v1 v1.0.19/go.mod h1:PgsZL7dLwUbsGm1NYps320GxGgvQNTnecMCZqxV11So=
gopkg.in/h2non/filetype.v1 v1.0.5 h1:CC1jjJjoEhNVbMhXYalmGBhOBK2V70Q1N850wt/98/Y=
gopkg.in/h2non/filetype.v1 v1.0.5/go.mod h1:M0yem4rwSX5lLVrkEuRRp2/NinFMD5vgJ4DlAhZcfNo=
